
Microsoft Visual Studio Solution File, Format Version 12.00
# Visual Studio Version 17
VisualStudioVersion = 17.11.35208.52
MinimumVisualStudioVersion = 10.0.40219.1
Project("{FAE04EC0-301F-11D3-BF4B-00C04F79EFBC}") = "Ejercicio_32_Eva", "Ejercicio_32_Eva\Ejercicio_32_Eva.csproj", "{2130B886-46E2-4B72-AD05-6F46918EF01C}"
EndProject
Global
	GlobalSection(SolutionConfigurationPlatforms) = preSolution
		Debug|Any CPU = Debug|Any CPU
		Release|Any CPU = Release|Any CPU
	EndGlobalSection
	GlobalSection(ProjectConfigurationPlatforms) = postSolution
		{2130B886-46E2-4B72-AD05-6F46918EF01C}.Debug|Any CPU.ActiveCfg = Debug|Any CPU
		{2130B886-46E2-4B72-AD05-6F46918EF01C}.Debug|Any CPU.Build.0 = Debug|Any CPU
		{2130B886-46E2-4B72-AD05-6F46918EF01C}.Release|Any CPU.ActiveCfg = Release|Any CPU
		{2130B886-46E2-4B72-AD05-6F46918EF01C}.Release|Any CPU.Build.0 = Release|Any CPU
	EndGlobalSection
	GlobalSection(SolutionProperties) = preSolution
		HideSolutionNode = FALSE
	EndGlobalSection
	GlobalSection(ExtensibilityGlobals) = postSolution
		SolutionGuid = {57320103-E39B-438F-9A32-C76EEAE5146A}
	EndGlobalSection
EndGlobal
